
Microsoft Visual Studio Solution File, Format Version 12.00
# Visual Studio Version 16
VisualStudioVersion = 16.0.32901.82
MinimumVisualStudioVersion = 10.0.40219.1
Project("{FAE04EC0-301F-11D3-BF4B-00C04F79EFBC}") = "Movies.App", "Movies.App\Movies.App.csproj", "{ED4AB71C-0F8D-4D35-B7BA-22DCD69DA152}"
EndProject
Global
	GlobalSection(SolutionConfigurationPlatforms) = preSolution
		Debug|Any CPU = Debug|Any CPU
		Release|Any CPU = Release|Any CPU
	EndGlobalSection
	GlobalSection(ProjectConfigurationPlatforms) = postSolution
		{ED4AB71C-0F8D-4D35-B7BA-22DCD69DA152}.Debug|Any CPU.ActiveCfg = Debug|Any CPU
		{ED4AB71C-0F8D-4D35-B7BA-22DCD69DA152}.Debug|Any CPU.Build.0 = Debug|Any CPU
		{ED4AB71C-0F8D-4D35-B7BA-22DCD69DA152}.Release|Any CPU.ActiveCfg = Release|Any CPU
		{ED4AB71C-0F8D-4D35-B7BA-22DCD69DA152}.Release|Any CPU.Build.0 = Release|Any CPU
	EndGlobalSection
	GlobalSection(SolutionProperties) = preSolution
		HideSolutionNode = FALSE
	EndGlobalSection
	GlobalSection(ExtensibilityGlobals) = postSolution
		SolutionGuid = {3DB3B184-FF55-4AAD-BCD4-AA604DF81552}
	EndGlobalSection
EndGlobal
